
Microsoft Visual Studio Solution File, Format Version 12.00
Project("{FAE04EC0-301F-11D3-BF4B-00C04F79EFBC}") = "sample", "sample\sample.csproj", "{38B97D8E-0781-448D-981E-658DA4F314C0}"
EndProject
Global
	GlobalSection(SolutionConfigurationPlatforms) = preSolution
		Debug|Any CPU = Debug|Any CPU
		Release|Any CPU = Release|Any CPU
	EndGlobalSection
	GlobalSection(ProjectConfigurationPlatforms) = postSolution
		{38B97D8E-0781-448D-981E-658DA4F314C0}.Debug|Any CPU.ActiveCfg = Debug|Any CPU
		{38B97D8E-0781-448D-981E-658DA4F314C0}.Debug|Any CPU.Build.0 = Debug|Any CPU
		{38B97D8E-0781-448D-981E-658DA4F314C0}.Release|Any CPU.ActiveCfg = Release|Any CPU
		{38B97D8E-0781-448D-981E-658DA4F314C0}.Release|Any CPU.Build.0 = Release|Any CPU
	EndGlobalSection
EndGlobal
